
Microsoft Visual Studio Solution File, Format Version 12.00
# Visual Studio Version 17
VisualStudioVersion = 17.14.36401.2 d17.14
MinimumVisualStudioVersion = 10.0.40219.1
Project("{8BC9CEB8-8B4A-11D0-8D11-00A0C91BC942}") = "Problem #27", "Problem #27\Problem #27.vcxproj", "{A417F919-4D6E-4AFE-A6DE-5358E7772284}"
EndProject
Global
	GlobalSection(SolutionConfigurationPlatforms) = preSolution
		Debug|x64 = Debug|x64
		Debug|x86 = Debug|x86
		Release|x64 = Release|x64
		Release|x86 = Release|x86
	EndGlobalSection
	GlobalSection(ProjectConfigurationPlatforms) = postSolution
		{A417F919-4D6E-4AFE-A6DE-5358E7772284}.Debug|x64.ActiveCfg = Debug|x64
		{A417F919-4D6E-4AFE-A6DE-5358E7772284}.Debug|x64.Build.0 = Debug|x64
		{A417F919-4D6E-4AFE-A6DE-5358E7772284}.Debug|x86.ActiveCfg = Debug|Win32
		{A417F919-4D6E-4AFE-A6DE-5358E7772284}.Debug|x86.Build.0 = Debug|Win32
		{A417F919-4D6E-4AFE-A6DE-5358E7772284}.Release|x64.ActiveCfg = Release|x64
		{A417F919-4D6E-4AFE-A6DE-5358E7772284}.Release|x64.Build.0 = Release|x64
		{A417F919-4D6E-4AFE-A6DE-5358E7772284}.Release|x86.ActiveCfg = Release|Win32
		{A417F919-4D6E-4AFE-A6DE-5358E7772284}.Release|x86.Build.0 = Release|Win32
	EndGlobalSection
	GlobalSection(SolutionProperties) = preSolution
		HideSolutionNode = FALSE
	EndGlobalSection
	GlobalSection(ExtensibilityGlobals) = postSolution
		SolutionGuid = {EB1E8EA7-4A9C-42D3-AF23-32DCB894AE6F}
	EndGlobalSection
EndGlobal
